<?xml version="1.0" encoding="utf-8"?>
<Project ToolsVersion="4.0" xmlns="http://schemas.microsoft.com/developer/msbuild/2003">
  <ItemGroup>
    <Filter Include="Source Files">
      <UniqueIdentifier>{4FC737F1-C7A5-4376-A066-2A32D752A2FF}</UniqueIdentifier>
      <Extensions>cpp;c;cc;cxx;c++;cppm;ixx;def;odl;idl;hpj;bat;asm;asmx</Extensions>
    </Filter>
    <Filter Include="Header Files">
      <UniqueIdentifier>{93995380-89BD-4b04-88EB-625FBE52EBFB}</UniqueIdentifier>
      <Extensions>h;hh;hpp;hxx;h++;hm;inl;inc;ipp;xsd</Extensions>
    </Filter>
    <Filter Include="Resource Files">
      <UniqueIdentifier>{67DA6AB6-F800-4c08-8B7A-83BB121AAD01}</UniqueIdentifier>
      <Extensions>rc;ico;cur;bmp;dlg;rc2;rct;bin;rgs;gif;jpg;jpeg;jpe;resx;tiff;tif;png;wav;mfcribbon-ms</Extensions>
    </Filter>
    <Filter Include="Services">
      <UniqueIdentifier>{8fcf1e15-f070-4bec-8dab-cfb032a042b0}</UniqueIdentifier>
    </Filter>
    <Filter Include="Services\Connection">
      <UniqueIdentifier>{20dff233-1309-4125-8764-3a55fddca643}</UniqueIdentifier>
    </Filter>
    <Filter Include="Services\Connection\Exceptions">
      <UniqueIdentifier>{70306a07-09ca-4dba-8df6-4cccbc481084}</UniqueIdentifier>
    </Filter>
  </ItemGroup>
  <ItemGroup>
    <ClInclude Include="G6Truco.h">
      <Filter>Header Files</Filter>
    </ClInclude>
    <ClInclude Include="framework.h">
      <Filter>Header Files</Filter>
    </ClInclude>
    <ClInclude Include="targetver.h">
      <Filter>Header Files</Filter>
    </ClInclude>
    <ClInclude Include="MainFrm.h">
      <Filter>Header Files</Filter>
    </ClInclude>
    <ClInclude Include="G6TrucoDoc.h">
      <Filter>Header Files</Filter>
    </ClInclude>
    <ClInclude Include="G6TrucoView.h">
      <Filter>Header Files</Filter>
    </ClInclude>
    <ClInclude Include="Resource.h">
      <Filter>Header Files</Filter>
    </ClInclude>
    <ClInclude Include="pch.h">
      <Filter>Header Files</Filter>
    </ClInclude>
    <ClInclude Include="Deck.h">
      <Filter>Header Files</Filter>
    </ClInclude>
    <ClInclude Include="Card.h">
      <Filter>Header Files</Filter>
    </ClInclude>
    <ClInclude Include="Player.h">
      <Filter>Header Files</Filter>
    </ClInclude>
    <ClInclude Include="Round.h">
      <Filter>Header Files</Filter>
    </ClInclude>
    <ClInclude Include="Game.h">
      <Filter>Header Files</Filter>
    </ClInclude>
    <ClInclude Include="GameController.h">
      <Filter>Header Files</Filter>
    </ClInclude>
    <ClInclude Include="Services\Connection\ConnectionManager.h">
      <Filter>Services\Connection</Filter>
    </ClInclude>
    <ClInclude Include="Services\Connection\ServerSocket.h">
      <Filter>Services\Connection</Filter>
    </ClInclude>
    <ClInclude Include="Services\Connection\SocketBase.h">
      <Filter>Services\Connection</Filter>
    </ClInclude>
    <ClInclude Include="Services\Connection\Exceptions\BufferOverflowException.h">
      <Filter>Services\Connection\Exceptions</Filter>
    </ClInclude>
    <ClInclude Include="Services\Connection\ClientSocket.h">
      <Filter>Services\Connection</Filter>
    </ClInclude>
  </ItemGroup>
  <ItemGroup>
    <ClCompile Include="G6Truco.cpp">
      <Filter>Source Files</Filter>
    </ClCompile>
    <ClCompile Include="MainFrm.cpp">
      <Filter>Source Files</Filter>
    </ClCompile>
    <ClCompile Include="G6TrucoDoc.cpp">
      <Filter>Source Files</Filter>
    </ClCompile>
    <ClCompile Include="G6TrucoView.cpp">
      <Filter>Source Files</Filter>
    </ClCompile>
    <ClCompile Include="pch.cpp">
      <Filter>Source Files</Filter>
    </ClCompile>
    <ClCompile Include="Services\Connection\ConnectionManager.cpp">
      <Filter>Services\Connection</Filter>
    </ClCompile>
    <ClCompile Include="Services\Connection\ServerSocket.cpp">
      <Filter>Services\Connection</Filter>
    </ClCompile>
    <ClCompile Include="Services\Connection\SocketBase.cpp">
      <Filter>Services\Connection</Filter>
    </ClCompile>
    <ClCompile Include="Services\Connection\Exceptions\BufferOverflowException.cpp">
      <Filter>Services\Connection\Exceptions</Filter>
    </ClCompile>
    <ClCompile Include="Services\Connection\ClientSocket.cpp">
      <Filter>Services\Connection</Filter>
    </ClCompile>
  </ItemGroup>
  <ItemGroup>
    <ResourceCompile Include="G6Truco.rc">
      <Filter>Resource Files</Filter>
    </ResourceCompile>
  </ItemGroup>
  <ItemGroup>
    <None Include="res\G6Truco.rc2">
      <Filter>Resource Files</Filter>
    </None>
  </ItemGroup>
  <ItemGroup>
    <Image Include="res\G6TrucoDoc.ico">
      <Filter>Resource Files</Filter>
    </Image>
    <Image Include="res\G6Truco.ico">
      <Filter>Resource Files</Filter>
    </Image>
  </ItemGroup>
</Project>